
Microsoft Visual Studio Solution File, Format Version 12.00
# Visual Studio 2013
VisualStudioVersion = 12.0.30723.0
MinimumVisualStudioVersion = 10.0.40219.1
Project("{FAE04EC0-301F-11D3-BF4B-00C04F79EFBC}") = "Mod05", "Mod05\Mod05.csproj", "{942EDA04-12C2-44CA-BB56-9C991AFD7556}"
EndProject
Project("{FAE04EC0-301F-11D3-BF4B-00C04F79EFBC}") = "OtherClient", "OtherClient\OtherClient.csproj", "{D6F90109-7A88-44A6-935A-BB16A3A1AD30}"
EndProject
Global
	GlobalSection(SolutionConfigurationPlatforms) = preSolution
		Debug|Any CPU = Debug|Any CPU
		Release|Any CPU = Release|Any CPU
	EndGlobalSection
	GlobalSection(ProjectConfigurationPlatforms) = postSolution
		{942EDA04-12C2-44CA-BB56-9C991AFD7556}.Debug|Any CPU.ActiveCfg = Debug|Any CPU
		{942EDA04-12C2-44CA-BB56-9C991AFD7556}.Debug|Any CPU.Build.0 = Debug|Any CPU
		{942EDA04-12C2-44CA-BB56-9C991AFD7556}.Release|Any CPU.ActiveCfg = Release|Any CPU
		{942EDA04-12C2-44CA-BB56-9C991AFD7556}.Release|Any CPU.Build.0 = Release|Any CPU
		{D6F90109-7A88-44A6-935A-BB16A3A1AD30}.Debug|Any CPU.ActiveCfg = Debug|Any CPU
		{D6F90109-7A88-44A6-935A-BB16A3A1AD30}.Debug|Any CPU.Build.0 = Debug|Any CPU
		{D6F90109-7A88-44A6-935A-BB16A3A1AD30}.Release|Any CPU.ActiveCfg = Release|Any CPU
		{D6F90109-7A88-44A6-935A-BB16A3A1AD30}.Release|Any CPU.Build.0 = Release|Any CPU
	EndGlobalSection
	GlobalSection(SolutionProperties) = preSolution
		HideSolutionNode = FALSE
	EndGlobalSection
EndGlobal
